
Microsoft Visual Studio Solution File, Format Version 12.00
# Visual Studio Version 17
VisualStudioVersion = 17.5.002.0
MinimumVisualStudioVersion = 10.0.40219.1
Project("{9A19103F-16F7-4668-BE54-9A1E7A4F7556}") = "game", "game.csproj", "{2D9D1F59-CFD0-4AEF-91A3-991665926404}"
EndProject
Project("{FAE04EC0-301F-11D3-BF4B-00C04F79EFBC}") = "practicas tc pro 1", "..\..\..\progr cp\practicas tc pro 1\practicas tc pro 1.csproj", "{319C48F3-BCAC-4448-B705-30F7B8ABB0A7}"
EndProject
Project("{FAE04EC0-301F-11D3-BF4B-00C04F79EFBC}") = "mazedfsattempt", "..\..\..\mazedfsattempt\mazedfsattempt.csproj", "{3C914021-9600-4594-B0D0-D8C913AD5246}"
EndProject
Global
	GlobalSection(SolutionConfigurationPlatforms) = preSolution
		Debug|Any CPU = Debug|Any CPU
		Release|Any CPU = Release|Any CPU
	EndGlobalSection
	GlobalSection(ProjectConfigurationPlatforms) = postSolution
		{2D9D1F59-CFD0-4AEF-91A3-991665926404}.Debug|Any CPU.ActiveCfg = Debug|Any CPU
		{2D9D1F59-CFD0-4AEF-91A3-991665926404}.Debug|Any CPU.Build.0 = Debug|Any CPU
		{2D9D1F59-CFD0-4AEF-91A3-991665926404}.Release|Any CPU.ActiveCfg = Release|Any CPU
		{2D9D1F59-CFD0-4AEF-91A3-991665926404}.Release|Any CPU.Build.0 = Release|Any CPU
		{319C48F3-BCAC-4448-B705-30F7B8ABB0A7}.Debug|Any CPU.ActiveCfg = Debug|Any CPU
		{319C48F3-BCAC-4448-B705-30F7B8ABB0A7}.Debug|Any CPU.Build.0 = Debug|Any CPU
		{319C48F3-BCAC-4448-B705-30F7B8ABB0A7}.Release|Any CPU.ActiveCfg = Release|Any CPU
		{319C48F3-BCAC-4448-B705-30F7B8ABB0A7}.Release|Any CPU.Build.0 = Release|Any CPU
		{3C914021-9600-4594-B0D0-D8C913AD5246}.Debug|Any CPU.ActiveCfg = Debug|Any CPU
		{3C914021-9600-4594-B0D0-D8C913AD5246}.Debug|Any CPU.Build.0 = Debug|Any CPU
		{3C914021-9600-4594-B0D0-D8C913AD5246}.Release|Any CPU.ActiveCfg = Release|Any CPU
		{3C914021-9600-4594-B0D0-D8C913AD5246}.Release|Any CPU.Build.0 = Release|Any CPU
	EndGlobalSection
	GlobalSection(SolutionProperties) = preSolution
		HideSolutionNode = FALSE
	EndGlobalSection
	GlobalSection(ExtensibilityGlobals) = postSolution
		SolutionGuid = {BF0AD0EE-7158-4113-90A8-17BEF101B821}
	EndGlobalSection
EndGlobal
